// !$*UTF8*$!
{
	archiveVersion = 1;
	classes = {
	};
	objectVersion = 42;
	objects = {

/* Begin PBXAggregateTarget section */
		53DF6901067E5B8E0090B5B0 /* All */ = {
			isa = PBXAggregateTarget;
			buildConfigurationList = C056398708A954F8003078D8 /* Build configuration list for PBXAggregateTarget "All" */;
			buildPhases = (
			);
			dependencies = (
				53DF6903067E5B930090B5B0 /* PBXTargetDependency */,
				53DF6905067E5B930090B5B0 /* PBXTargetDependency */,
			);
			name = All;
			productName = All;
		};
/* End PBXAggregateTarget section */

/* Begin PBXBuildFile section */
		13F8B89007B43554008AE28D /* Cocoa.framework in Frameworks */ = {isa = PBXBuildFile; fileRef = DD92D38A0106425D02CA0E72 /* Cocoa.framework */; };
		546DEAF3067F632A0098DCC4 /* RXObjectBinderFramework.framework in Frameworks */ = {isa = PBXBuildFile; fileRef = 53DF68FD067E5B5A0090B5B0 /* RXObjectBinderFramework.framework */; };
		54D33B2906778E3300C9C163 /* RXObjectBinder.classdescription in Resources */ = {isa = PBXBuildFile; fileRef = 54D33B2806778E3300C9C163 /* RXObjectBinder.classdescription */; };
		8D1AC96C0486D14A00FE50C9 /* RXObjectBinderInspector.m in Sources */ = {isa = PBXBuildFile; fileRef = 0259C577FE90428111CA0C5A /* RXObjectBinderInspector.m */; settings = {ATTRIBUTES = (); }; };
		8D1AC9700486D14A00FE50C9 /* Cocoa.framework in Frameworks */ = {isa = PBXBuildFile; fileRef = DD92D38A0106425D02CA0E72 /* Cocoa.framework */; };
		8D1AC9800486D23B00FE50C9 /* InfoPlist.strings in Resources */ = {isa = PBXBuildFile; fileRef = 8D1AC97F0486D23B00FE50C9 /* InfoPlist.strings */; };
		C044829F0C3328F4006E818F /* RXObjectBinderIntegration.m in Sources */ = {isa = PBXBuildFile; fileRef = C044829E0C3328F4006E818F /* RXObjectBinderIntegration.m */; };
		C08787290A49DE9A00E9B151 /* RXObjectBinderPlugin.m in Sources */ = {isa = PBXBuildFile; fileRef = 0259C576FE90428111CA0C5A /* RXObjectBinderPlugin.m */; };
		C0A47C500A523B730004BDC3 /* RXObjectBinderInspector.nib in Resources */ = {isa = PBXBuildFile; fileRef = C05B20D80A48CB530099B9E5 /* RXObjectBinderInspector.nib */; };
		C0D069560A49DF9100C95564 /* InterfaceBuilderKit.framework in Frameworks */ = {isa = PBXBuildFile; fileRef = C0D069550A49DF9100C95564 /* InterfaceBuilderKit.framework */; };
		D1AEDE470A6C289C0010C343 /* RXObjectBinderLibrary.nib in Resources */ = {isa = PBXBuildFile; fileRef = D1AEDE460A6C289C0010C343 /* RXObjectBinderLibrary.nib */; };
		D421CEF70DCAFE54002030CE /* RXObjectBinder.h in Headers */ = {isa = PBXBuildFile; fileRef = D421CEF50DCAFE54002030CE /* RXObjectBinder.h */; settings = {ATTRIBUTES = (Public, ); }; };
		D421CEF80DCAFE54002030CE /* RXObjectBinder.m in Sources */ = {isa = PBXBuildFile; fileRef = D421CEF60DCAFE54002030CE /* RXObjectBinder.m */; };
		D421CF3D0DCB0A1A002030CE /* RXObjectBinder.tiff in Resources */ = {isa = PBXBuildFile; fileRef = D421CF3C0DCB0A1A002030CE /* RXObjectBinder.tiff */; };
		D421D04C0DCD1714002030CE /* RXAtomValueTransformer.m in Sources */ = {isa = PBXBuildFile; fileRef = D421D04A0DCD1714002030CE /* RXAtomValueTransformer.m */; };
		D47E71150EF47BED000BEB8E /* RXObjectBinderFramework.framework in Copy Frameworks */ = {isa = PBXBuildFile; fileRef = 53DF68FD067E5B5A0090B5B0 /* RXObjectBinderFramework.framework */; };
/* End PBXBuildFile section */

/* Begin PBXContainerItemProxy section */
		53DF6902067E5B930090B5B0 /* PBXContainerItemProxy */ = {
			isa = PBXContainerItemProxy;
			containerPortal = 0259C573FE90428111CA0C5A /* Project object */;
			proxyType = 1;
			remoteGlobalIDString = 8D1AC9600486D14A00FE50C9;
			remoteInfo = RXObjectBinder;
		};
		53DF6904067E5B930090B5B0 /* PBXContainerItemProxy */ = {
			isa = PBXContainerItemProxy;
			containerPortal = 0259C573FE90428111CA0C5A /* Project object */;
			proxyType = 1;
			remoteGlobalIDString = 53DF68FC067E5B5A0090B5B0;
			remoteInfo = RXObjectBinderFramework;
		};
		546DEAEF067F62F70098DCC4 /* PBXContainerItemProxy */ = {
			isa = PBXContainerItemProxy;
			containerPortal = 0259C573FE90428111CA0C5A /* Project object */;
			proxyType = 1;
			remoteGlobalIDString = 53DF68FC067E5B5A0090B5B0;
			remoteInfo = RXObjectBinderFramework;
		};
/* End PBXContainerItemProxy section */

/* Begin PBXCopyFilesBuildPhase section */
		D47E711C0EF47BF5000BEB8E /* Copy Frameworks */ = {
			isa = PBXCopyFilesBuildPhase;
			buildActionMask = 2147483647;
			dstPath = "";
			dstSubfolderSpec = 10;
			files = (
				D47E71150EF47BED000BEB8E /* RXObjectBinderFramework.framework in Copy Frameworks */,
			);
			name = "Copy Frameworks";
			runOnlyForDeploymentPostprocessing = 0;
		};
/* End PBXCopyFilesBuildPhase section */

/* Begin PBXFileReference section */
		0259C576FE90428111CA0C5A /* RXObjectBinderPlugin.m */ = {isa = PBXFileReference; fileEncoding = 30; lastKnownFileType = sourcecode.c.objc; path = RXObjectBinderPlugin.m; sourceTree = "<group>"; };
		0259C577FE90428111CA0C5A /* RXObjectBinderInspector.m */ = {isa = PBXFileReference; fileEncoding = 30; lastKnownFileType = sourcecode.c.objc; path = RXObjectBinderInspector.m; sourceTree = "<group>"; };
		0259C57AFE90428111CA0C5A /* RXObjectBinderPlugin.h */ = {isa = PBXFileReference; fileEncoding = 30; lastKnownFileType = sourcecode.c.h; path = RXObjectBinderPlugin.h; sourceTree = "<group>"; };
		0259C57BFE90428111CA0C5A /* RXObjectBinderInspector.h */ = {isa = PBXFileReference; fileEncoding = 30; lastKnownFileType = sourcecode.c.h; path = RXObjectBinderInspector.h; sourceTree = "<group>"; };
		13F8B88807B434F6008AE28D /* AppKit.framework */ = {isa = PBXFileReference; lastKnownFileType = wrapper.framework; name = AppKit.framework; path = /System/Library/Frameworks/AppKit.framework; sourceTree = "<absolute>"; };
		13F8B88907B434F6008AE28D /* CoreData.framework */ = {isa = PBXFileReference; lastKnownFileType = wrapper.framework; name = CoreData.framework; path = /System/Library/Frameworks/CoreData.framework; sourceTree = "<absolute>"; };
		13F8B88A07B434F6008AE28D /* Foundation.framework */ = {isa = PBXFileReference; lastKnownFileType = wrapper.framework; name = Foundation.framework; path = /System/Library/Frameworks/Foundation.framework; sourceTree = "<absolute>"; };
		32DBCF980370C29C00C91783 /* RXObjectBinder_Prefix.pch */ = {isa = PBXFileReference; fileEncoding = 4; lastKnownFileType = sourcecode.c.h; path = RXObjectBinder_Prefix.pch; sourceTree = "<group>"; };
		53DF68FD067E5B5A0090B5B0 /* RXObjectBinderFramework.framework */ = {isa = PBXFileReference; explicitFileType = wrapper.framework; includeInIndex = 0; path = RXObjectBinderFramework.framework; sourceTree = BUILT_PRODUCTS_DIR; };
		53DF68FE067E5B5A0090B5B0 /* RXObjectBinderFramework-Info.plist */ = {isa = PBXFileReference; lastKnownFileType = text.plist.xml; path = "RXObjectBinderFramework-Info.plist"; sourceTree = "<group>"; };
		54D33B2806778E3300C9C163 /* RXObjectBinder.classdescription */ = {isa = PBXFileReference; fileEncoding = 4; lastKnownFileType = text; path = RXObjectBinder.classdescription; sourceTree = "<group>"; };
		8D1AC9730486D14A00FE50C9 /* Info.plist */ = {isa = PBXFileReference; fileEncoding = 4; lastKnownFileType = text.plist; path = Info.plist; sourceTree = "<group>"; };
		8D1AC9740486D14A00FE50C9 /* RXObjectBinder.ibplugin */ = {isa = PBXFileReference; explicitFileType = wrapper.cfbundle; includeInIndex = 0; path = RXObjectBinder.ibplugin; sourceTree = BUILT_PRODUCTS_DIR; };
		8D1AC97B0486D23100FE50C9 /* English */ = {isa = PBXFileReference; fileEncoding = 10; lastKnownFileType = text.plist.strings; name = English; path = English.lproj/InfoPlist.strings; sourceTree = "<group>"; };
		C044829E0C3328F4006E818F /* RXObjectBinderIntegration.m */ = {isa = PBXFileReference; fileEncoding = 30; lastKnownFileType = sourcecode.c.objc; path = RXObjectBinderIntegration.m; sourceTree = "<group>"; };
		C05B20D80A48CB530099B9E5 /* RXObjectBinderInspector.nib */ = {isa = PBXFileReference; fileEncoding = 30; lastKnownFileType = wrapper.nib; name = RXObjectBinderInspector.nib; path = English.lproj/RXObjectBinderInspector.nib; sourceTree = "<group>"; };
		C0D069550A49DF9100C95564 /* InterfaceBuilderKit.framework */ = {isa = PBXFileReference; lastKnownFileType = wrapper.framework; name = InterfaceBuilderKit.framework; path = /Developer/Library/Frameworks/InterfaceBuilderKit.framework; sourceTree = "<absolute>"; };
		D1AEDE460A6C289C0010C343 /* RXObjectBinderLibrary.nib */ = {isa = PBXFileReference; lastKnownFileType = wrapper.nib; name = RXObjectBinderLibrary.nib; path = English.lproj/RXObjectBinderLibrary.nib; sourceTree = "<group>"; };
		D421CEF50DCAFE54002030CE /* RXObjectBinder.h */ = {isa = PBXFileReference; fileEncoding = 4; lastKnownFileType = sourcecode.c.h; path = RXObjectBinder.h; sourceTree = "<group>"; };
		D421CEF60DCAFE54002030CE /* RXObjectBinder.m */ = {isa = PBXFileReference; fileEncoding = 4; lastKnownFileType = sourcecode.c.objc; path = RXObjectBinder.m; sourceTree = "<group>"; };
		D421CF3C0DCB0A1A002030CE /* RXObjectBinder.tiff */ = {isa = PBXFileReference; lastKnownFileType = image.tiff; path = RXObjectBinder.tiff; sourceTree = "<group>"; };
		D421D04A0DCD1714002030CE /* RXAtomValueTransformer.m */ = {isa = PBXFileReference; fileEncoding = 4; lastKnownFileType = sourcecode.c.objc; path = RXAtomValueTransformer.m; sourceTree = "<group>"; };
		D421D04B0DCD1714002030CE /* RXAtomValueTransformer.h */ = {isa = PBXFileReference; fileEncoding = 4; lastKnownFileType = sourcecode.c.h; path = RXAtomValueTransformer.h; sourceTree = "<group>"; };
		DD92D38A0106425D02CA0E72 /* Cocoa.framework */ = {isa = PBXFileReference; lastKnownFileType = wrapper.framework; name = Cocoa.framework; path = /System/Library/Frameworks/Cocoa.framework; sourceTree = "<absolute>"; };
/* End PBXFileReference section */

/* Begin PBXFrameworksBuildPhase section */
		53DF68FB067E5B5A0090B5B0 /* Frameworks */ = {
			isa = PBXFrameworksBuildPhase;
			buildActionMask = 2147483647;
			files = (
				13F8B89007B43554008AE28D /* Cocoa.framework in Frameworks */,
			);
			runOnlyForDeploymentPostprocessing = 0;
		};
		8D1AC96E0486D14A00FE50C9 /* Frameworks */ = {
			isa = PBXFrameworksBuildPhase;
			buildActionMask = 2147483647;
			files = (
				8D1AC9700486D14A00FE50C9 /* Cocoa.framework in Frameworks */,
				546DEAF3067F632A0098DCC4 /* RXObjectBinderFramework.framework in Frameworks */,
				C0D069560A49DF9100C95564 /* InterfaceBuilderKit.framework in Frameworks */,
			);
			runOnlyForDeploymentPostprocessing = 0;
		};
/* End PBXFrameworksBuildPhase section */

/* Begin PBXGroup section */
		0259C574FE90428111CA0C5A /* RXObjectBinder */ = {
			isa = PBXGroup;
			children = (
				32DBCF9E0370C38000C91783 /* Plugin */,
				54D33B2C06778E4400C9C163 /* Framework */,
				0259C582FE90428111CA0C5A /* Resources */,
				1ED78706FE9D4A0611CA0C5A /* Products */,
				2E58F364FFB232C311CA0CBA /* Frameworks */,
			);
			name = RXObjectBinder;
			sourceTree = "<group>";
		};
		0259C582FE90428111CA0C5A /* Resources */ = {
			isa = PBXGroup;
			children = (
				8D1AC9730486D14A00FE50C9 /* Info.plist */,
				53DF68FE067E5B5A0090B5B0 /* RXObjectBinderFramework-Info.plist */,
				8D1AC97F0486D23B00FE50C9 /* InfoPlist.strings */,
			);
			name = Resources;
			sourceTree = "<group>";
		};
		131E8FE8067F80F40006E0CE /* Resources */ = {
			isa = PBXGroup;
			children = (
				D421CF3C0DCB0A1A002030CE /* RXObjectBinder.tiff */,
				D1AEDE460A6C289C0010C343 /* RXObjectBinderLibrary.nib */,
				C05B20D80A48CB530099B9E5 /* RXObjectBinderInspector.nib */,
			);
			name = Resources;
			sourceTree = "<group>";
		};
		13F8B6FD07B43410008AE28D /* Linked Frameworks */ = {
			isa = PBXGroup;
			children = (
				DD92D38A0106425D02CA0E72 /* Cocoa.framework */,
				C0D069550A49DF9100C95564 /* InterfaceBuilderKit.framework */,
			);
			name = "Linked Frameworks";
			sourceTree = "<group>";
		};
		13F8B70407B43425008AE28D /* Other Frameworks */ = {
			isa = PBXGroup;
			children = (
				13F8B88807B434F6008AE28D /* AppKit.framework */,
				13F8B88907B434F6008AE28D /* CoreData.framework */,
				13F8B88A07B434F6008AE28D /* Foundation.framework */,
			);
			name = "Other Frameworks";
			sourceTree = "<group>";
		};
		1ED78706FE9D4A0611CA0C5A /* Products */ = {
			isa = PBXGroup;
			children = (
				8D1AC9740486D14A00FE50C9 /* RXObjectBinder.ibplugin */,
				53DF68FD067E5B5A0090B5B0 /* RXObjectBinderFramework.framework */,
			);
			name = Products;
			sourceTree = "<group>";
		};
		2E58F364FFB232C311CA0CBA /* Frameworks */ = {
			isa = PBXGroup;
			children = (
				13F8B6FD07B43410008AE28D /* Linked Frameworks */,
				13F8B70407B43425008AE28D /* Other Frameworks */,
			);
			name = Frameworks;
			sourceTree = "<group>";
		};
		32DBCF9E0370C38000C91783 /* Plugin */ = {
			isa = PBXGroup;
			children = (
				54D33B2406778DD400C9C163 /* Class Descriptions */,
				54D33B2506778DF000C9C163 /* Classes */,
				32DBCF9F0370C38200C91783 /* Other Sources */,
				131E8FE8067F80F40006E0CE /* Resources */,
			);
			name = Plugin;
			sourceTree = "<group>";
		};
		32DBCF9F0370C38200C91783 /* Other Sources */ = {
			isa = PBXGroup;
			children = (
				C044829E0C3328F4006E818F /* RXObjectBinderIntegration.m */,
				32DBCF980370C29C00C91783 /* RXObjectBinder_Prefix.pch */,
			);
			name = "Other Sources";
			sourceTree = "<group>";
		};
		54D33B2406778DD400C9C163 /* Class Descriptions */ = {
			isa = PBXGroup;
			children = (
				54D33B2806778E3300C9C163 /* RXObjectBinder.classdescription */,
			);
			name = "Class Descriptions";
			sourceTree = "<group>";
		};
		54D33B2506778DF000C9C163 /* Classes */ = {
			isa = PBXGroup;
			children = (
				D421D04B0DCD1714002030CE /* RXAtomValueTransformer.h */,
				D421D04A0DCD1714002030CE /* RXAtomValueTransformer.m */,
				0259C57AFE90428111CA0C5A /* RXObjectBinderPlugin.h */,
				0259C576FE90428111CA0C5A /* RXObjectBinderPlugin.m */,
				0259C57BFE90428111CA0C5A /* RXObjectBinderInspector.h */,
				0259C577FE90428111CA0C5A /* RXObjectBinderInspector.m */,
			);
			name = Classes;
			sourceTree = "<group>";
		};
		54D33B2C06778E4400C9C163 /* Framework */ = {
			isa = PBXGroup;
			children = (
				C0894DA40C32F4C100401507 /* Classes */,
			);
			name = Framework;
			sourceTree = "<group>";
		};
		C0894DA40C32F4C100401507 /* Classes */ = {
			isa = PBXGroup;
			children = (
				D421CEF50DCAFE54002030CE /* RXObjectBinder.h */,
				D421CEF60DCAFE54002030CE /* RXObjectBinder.m */,
			);
			name = Classes;
			sourceTree = "<group>";
		};
/* End PBXGroup section */

/* Begin PBXHeadersBuildPhase section */
		53DF68F8067E5B5A0090B5B0 /* Headers */ = {
			isa = PBXHeadersBuildPhase;
			buildActionMask = 2147483647;
			files = (
				D421CEF70DCAFE54002030CE /* RXObjectBinder.h in Headers */,
			);
			runOnlyForDeploymentPostprocessing = 0;
		};
/* End PBXHeadersBuildPhase section */

/* Begin PBXNativeTarget section */
		53DF68FC067E5B5A0090B5B0 /* RXObjectBinderFramework */ = {
			isa = PBXNativeTarget;
			buildConfigurationList = C056397F08A954F8003078D8 /* Build configuration list for PBXNativeTarget "RXObjectBinderFramework" */;
			buildPhases = (
				53DF68F8067E5B5A0090B5B0 /* Headers */,
				53DF68F9067E5B5A0090B5B0 /* Resources */,
				53DF68FA067E5B5A0090B5B0 /* Sources */,
				53DF68FB067E5B5A0090B5B0 /* Frameworks */,
			);
			buildRules = (
			);
			dependencies = (
			);
			name = RXObjectBinderFramework;
			productName = RXObjectBinderFramework;
			productReference = 53DF68FD067E5B5A0090B5B0 /* RXObjectBinderFramework.framework */;
			productType = "com.apple.product-type.framework";
		};
		8D1AC9600486D14A00FE50C9 /* RXObjectBinder */ = {
			isa = PBXNativeTarget;
			buildConfigurationList = C056398308A954F8003078D8 /* Build configuration list for PBXNativeTarget "RXObjectBinder" */;
			buildPhases = (
				D47E711C0EF47BF5000BEB8E /* Copy Frameworks */,
				8D1AC9660486D14A00FE50C9 /* Resources */,
				8D1AC96A0486D14A00FE50C9 /* Sources */,
				8D1AC96E0486D14A00FE50C9 /* Frameworks */,
			);
			buildRules = (
			);
			dependencies = (
				546DEAF0067F62F70098DCC4 /* PBXTargetDependency */,
			);
			name = RXObjectBinder;
			productInstallPath = "$(HOME)/Developer/Palettes";
			productName = RXObjectBinder;
			productReference = 8D1AC9740486D14A00FE50C9 /* RXObjectBinder.ibplugin */;
			productType = "com.apple.product-type.bundle";
		};
/* End PBXNativeTarget section */

/* Begin PBXProject section */
		0259C573FE90428111CA0C5A /* Project object */ = {
			isa = PBXProject;
			buildConfigurationList = C056398B08A954F8003078D8 /* Build configuration list for PBXProject "RXObjectBinder" */;
			compatibilityVersion = "Xcode 2.4";
			hasScannedForEncodings = 1;
			mainGroup = 0259C574FE90428111CA0C5A /* RXObjectBinder */;
			projectDirPath = "";
			projectRoot = "";
			targets = (
				53DF6901067E5B8E0090B5B0 /* All */,
				8D1AC9600486D14A00FE50C9 /* RXObjectBinder */,
				53DF68FC067E5B5A0090B5B0 /* RXObjectBinderFramework */,
			);
		};
/* End PBXProject section */

/* Begin PBXResourcesBuildPhase section */
		53DF68F9067E5B5A0090B5B0 /* Resources */ = {
			isa = PBXResourcesBuildPhase;
			buildActionMask = 2147483647;
			files = (
			);
			runOnlyForDeploymentPostprocessing = 0;
		};
		8D1AC9660486D14A00FE50C9 /* Resources */ = {
			isa = PBXResourcesBuildPhase;
			buildActionMask = 2147483647;
			files = (
				8D1AC9800486D23B00FE50C9 /* InfoPlist.strings in Resources */,
				54D33B2906778E3300C9C163 /* RXObjectBinder.classdescription in Resources */,
				C0A47C500A523B730004BDC3 /* RXObjectBinderInspector.nib in Resources */,
				D1AEDE470A6C289C0010C343 /* RXObjectBinderLibrary.nib in Resources */,
				D421CF3D0DCB0A1A002030CE /* RXObjectBinder.tiff in Resources */,
			);
			runOnlyForDeploymentPostprocessing = 0;
		};
/* End PBXResourcesBuildPhase section */

/* Begin PBXSourcesBuildPhase section */
		53DF68FA067E5B5A0090B5B0 /* Sources */ = {
			isa = PBXSourcesBuildPhase;
			buildActionMask = 2147483647;
			files = (
				D421CEF80DCAFE54002030CE /* RXObjectBinder.m in Sources */,
			);
			runOnlyForDeploymentPostprocessing = 0;
		};
		8D1AC96A0486D14A00FE50C9 /* Sources */ = {
			isa = PBXSourcesBuildPhase;
			buildActionMask = 2147483647;
			files = (
				C08787290A49DE9A00E9B151 /* RXObjectBinderPlugin.m in Sources */,
				8D1AC96C0486D14A00FE50C9 /* RXObjectBinderInspector.m in Sources */,
				C044829F0C3328F4006E818F /* RXObjectBinderIntegration.m in Sources */,
				D421D04C0DCD1714002030CE /* RXAtomValueTransformer.m in Sources */,
			);
			runOnlyForDeploymentPostprocessing = 0;
		};
/* End PBXSourcesBuildPhase section */

/* Begin PBXTargetDependency section */
		53DF6903067E5B930090B5B0 /* PBXTargetDependency */ = {
			isa = PBXTargetDependency;
			target = 8D1AC9600486D14A00FE50C9 /* RXObjectBinder */;
			targetProxy = 53DF6902067E5B930090B5B0 /* PBXContainerItemProxy */;
		};
		53DF6905067E5B930090B5B0 /* PBXTargetDependency */ = {
			isa = PBXTargetDependency;
			target = 53DF68FC067E5B5A0090B5B0 /* RXObjectBinderFramework */;
			targetProxy = 53DF6904067E5B930090B5B0 /* PBXContainerItemProxy */;
		};
		546DEAF0067F62F70098DCC4 /* PBXTargetDependency */ = {
			isa = PBXTargetDependency;
			target = 53DF68FC067E5B5A0090B5B0 /* RXObjectBinderFramework */;
			targetProxy = 546DEAEF067F62F70098DCC4 /* PBXContainerItemProxy */;
		};
/* End PBXTargetDependency section */

/* Begin PBXVariantGroup section */
		8D1AC97F0486D23B00FE50C9 /* InfoPlist.strings */ = {
			isa = PBXVariantGroup;
			children = (
				8D1AC97B0486D23100FE50C9 /* English */,
			);
			name = InfoPlist.strings;
			sourceTree = "<group>";
		};
/* End PBXVariantGroup section */

/* Begin XCBuildConfiguration section */
		C056398008A954F8003078D8 /* Debug */ = {
			isa = XCBuildConfiguration;
			buildSettings = {
				COPY_PHASE_STRIP = NO;
				DYLIB_COMPATIBILITY_VERSION = 1;
				DYLIB_CURRENT_VERSION = 1;
				FRAMEWORK_VERSION = A;
				GCC_DYNAMIC_NO_PIC = NO;
				GCC_ENABLE_FIX_AND_CONTINUE = YES;
				GCC_ENABLE_OBJC_GC = YES;
				GCC_MODEL_TUNING = G5;
				GCC_OPTIMIZATION_LEVEL = 0;
				GCC_PRECOMPILE_PREFIX_HEADER = YES;
				GCC_PREFIX_HEADER = "$(SYSTEM_LIBRARY_DIR)/Frameworks/AppKit.framework/Headers/AppKit.h";
				INFOPLIST_FILE = "RXObjectBinderFramework-Info.plist";
				INSTALL_PATH = "@loader_path/../Frameworks";
				PRODUCT_NAME = RXObjectBinderFramework;
				SKIP_INSTALL = NO;
			};
			name = Debug;
		};
		C056398108A954F8003078D8 /* Release */ = {
			isa = XCBuildConfiguration;
			buildSettings = {
				DEBUG_INFORMATION_FORMAT = "dwarf-with-dsym";
				DYLIB_COMPATIBILITY_VERSION = 1;
				DYLIB_CURRENT_VERSION = 1;
				FRAMEWORK_VERSION = A;
				GCC_ENABLE_OBJC_GC = YES;
				GCC_MODEL_TUNING = G5;
				GCC_PRECOMPILE_PREFIX_HEADER = YES;
				GCC_PREFIX_HEADER = "$(SYSTEM_LIBRARY_DIR)/Frameworks/AppKit.framework/Headers/AppKit.h";
				INFOPLIST_FILE = "RXObjectBinderFramework-Info.plist";
				INSTALL_PATH = "@loader_path/../Frameworks";
				PRODUCT_NAME = RXObjectBinderFramework;
				SKIP_INSTALL = NO;
			};
			name = Release;
		};
		C056398408A954F8003078D8 /* Debug */ = {
			isa = XCBuildConfiguration;
			buildSettings = {
				COPY_PHASE_STRIP = NO;
				FRAMEWORK_SEARCH_PATHS = (
					"$(FRAMEWORK_SEARCH_PATHS_QUOTED_FOR_TARGET_1)",
					$inherited,
					$FRAMEWORK_SEARCH_PATHS_QUOTED_2,
					$FRAMEWORK_SEARCH_PATHS_QUOTED_1,
				);
				FRAMEWORK_SEARCH_PATHS_QUOTED_1 = "\"$(HOME)/Library/Frameworks/\"";
				FRAMEWORK_SEARCH_PATHS_QUOTED_2 = "\"$(DEVELOPER_DIR)/Library/Frameworks\"";
				FRAMEWORK_SEARCH_PATHS_QUOTED_FOR_TARGET_1 = "\"$(BUILD_DIR)/$(CONFIGURATION)\"";
				GCC_DYNAMIC_NO_PIC = NO;
				GCC_ENABLE_FIX_AND_CONTINUE = YES;
				GCC_MODEL_TUNING = G5;
				GCC_OPTIMIZATION_LEVEL = 0;
				GCC_PRECOMPILE_PREFIX_HEADER = YES;
				GCC_PREFIX_HEADER = RXObjectBinder_Prefix.pch;
				INFOPLIST_FILE = Info.plist;
				PRODUCT_NAME = RXObjectBinder;
				WRAPPER_EXTENSION = ibplugin;
				ZERO_LINK = YES;
			};
			name = Debug;
		};
		C056398508A954F8003078D8 /* Release */ = {
			isa = XCBuildConfiguration;
			buildSettings = {
				COPY_PHASE_STRIP = NO;
				DEBUG_INFORMATION_FORMAT = "dwarf-with-dsym";
				FRAMEWORK_SEARCH_PATHS = (
					"$(FRAMEWORK_SEARCH_PATHS_QUOTED_FOR_TARGET_1)",
					$inherited,
					$FRAMEWORK_SEARCH_PATHS_QUOTED_2,
					$FRAMEWORK_SEARCH_PATHS_QUOTED_1,
				);
				FRAMEWORK_SEARCH_PATHS_QUOTED_1 = "\"$(HOME)/Library/Frameworks/\"";
				FRAMEWORK_SEARCH_PATHS_QUOTED_2 = "\"$(DEVELOPER_DIR)/Library/Frameworks\"";
				FRAMEWORK_SEARCH_PATHS_QUOTED_FOR_TARGET_1 = "\"$(BUILD_DIR)/$(CONFIGURATION)\"";
				GCC_MODEL_TUNING = G5;
				GCC_PRECOMPILE_PREFIX_HEADER = YES;
				GCC_PREFIX_HEADER = RXObjectBinder_Prefix.pch;
				INFOPLIST_FILE = Info.plist;
				PRODUCT_NAME = RXObjectBinder;
				WRAPPER_EXTENSION = ibplugin;
			};
			name = Release;
		};
		C056398808A954F8003078D8 /* Debug */ = {
			isa = XCBuildConfiguration;
			buildSettings = {
				COPY_PHASE_STRIP = NO;
				GCC_DYNAMIC_NO_PIC = NO;
				GCC_ENABLE_FIX_AND_CONTINUE = YES;
				GCC_MODEL_TUNING = G5;
				GCC_OPTIMIZATION_LEVEL = 0;
				PRODUCT_NAME = All;
				WARNING_CFLAGS = (
					"-Wmost",
					"-Wno-four-char-constants",
					"-Wno-unknown-pragmas",
				);
				ZERO_LINK = YES;
			};
			name = Debug;
		};
		C056398908A954F8003078D8 /* Release */ = {
			isa = XCBuildConfiguration;
			buildSettings = {
				DEBUG_INFORMATION_FORMAT = "dwarf-with-dsym";
				GCC_MODEL_TUNING = G5;
				PRODUCT_NAME = All;
				WARNING_CFLAGS = (
					"-Wmost",
					"-Wno-four-char-constants",
					"-Wno-unknown-pragmas",
				);
			};
			name = Release;
		};
		C056398C08A954F8003078D8 /* Debug */ = {
			isa = XCBuildConfiguration;
			buildSettings = {
				ARCHS = "$(ARCHS_STANDARD_32_64_BIT_PRE_XCODE_3_1)";
				ARCHS_STANDARD_32_64_BIT_PRE_XCODE_3_1 = "x86_64 i386 ppc";
				GCC_MODEL_TUNING = "";
				GCC_WARN_ABOUT_RETURN_TYPE = YES;
				GCC_WARN_UNUSED_VARIABLE = YES;
				PREBINDING = NO;
				SDKROOT = /Developer/SDKs/MacOSX10.5.sdk;
			};
			name = Debug;
		};
		C056398D08A954F8003078D8 /* Release */ = {
			isa = XCBuildConfiguration;
			buildSettings = {
				ARCHS = "$(ARCHS_STANDARD_32_64_BIT_PRE_XCODE_3_1)";
				ARCHS_STANDARD_32_64_BIT_PRE_XCODE_3_1 = "x86_64 i386 ppc";
				GCC_MODEL_TUNING = "";
				GCC_WARN_ABOUT_RETURN_TYPE = YES;
				GCC_WARN_UNUSED_VARIABLE = YES;
				PREBINDING = NO;
				SDKROOT = /Developer/SDKs/MacOSX10.5.sdk;
			};
			name = Release;
		};
/* End XCBuildConfiguration section */

/* Begin XCConfigurationList section */
		C056397F08A954F8003078D8 /* Build configuration list for PBXNativeTarget "RXObjectBinderFramework" */ = {
			isa = XCConfigurationList;
			buildConfigurations = (
				C056398008A954F8003078D8 /* Debug */,
				C056398108A954F8003078D8 /* Release */,
			);
			defaultConfigurationIsVisible = 0;
			defaultConfigurationName = Release;
		};
		C056398308A954F8003078D8 /* Build configuration list for PBXNativeTarget "RXObjectBinder" */ = {
			isa = XCConfigurationList;
			buildConfigurations = (
				C056398408A954F8003078D8 /* Debug */,
				C056398508A954F8003078D8 /* Release */,
			);
			defaultConfigurationIsVisible = 0;
			defaultConfigurationName = Release;
		};
		C056398708A954F8003078D8 /* Build configuration list for PBXAggregateTarget "All" */ = {
			isa = XCConfigurationList;
			buildConfigurations = (
				C056398808A954F8003078D8 /* Debug */,
				C056398908A954F8003078D8 /* Release */,
			);
			defaultConfigurationIsVisible = 0;
			defaultConfigurationName = Release;
		};
		C056398B08A954F8003078D8 /* Build configuration list for PBXProject "RXObjectBinder" */ = {
			isa = XCConfigurationList;
			buildConfigurations = (
				C056398C08A954F8003078D8 /* Debug */,
				C056398D08A954F8003078D8 /* Release */,
			);
			defaultConfigurationIsVisible = 0;
			defaultConfigurationName = Release;
		};
/* End XCConfigurationList section */
	};
	rootObject = 0259C573FE90428111CA0C5A /* Project object */;
}
